
Microsoft Visual Studio Solution File, Format Version 12.00
# Visual Studio Version 17
VisualStudioVersion = 17.12.35209.166
MinimumVisualStudioVersion = 10.0.40219.1
Project("{9A19103F-16F7-4668-BE54-9A1E7A4F7556}") = "FrotiX", "FrotiX.csproj", "{A618ABF8-DA43-42DB-ABB2-9E19C437928F}"
EndProject
Global
	GlobalSection(SolutionConfigurationPlatforms) = preSolution
		Debug|Any CPU = Debug|Any CPU
		Release|Any CPU = Release|Any CPU
	EndGlobalSection
	GlobalSection(ProjectConfigurationPlatforms) = postSolution
		{A618ABF8-DA43-42DB-ABB2-9E19C437928F}.Debug|Any CPU.ActiveCfg = Debug|Any CPU
		{A618ABF8-DA43-42DB-ABB2-9E19C437928F}.Debug|Any CPU.Build.0 = Debug|Any CPU
		{A618ABF8-DA43-42DB-ABB2-9E19C437928F}.Release|Any CPU.ActiveCfg = Release|Any CPU
		{A618ABF8-DA43-42DB-ABB2-9E19C437928F}.Release|Any CPU.Build.0 = Release|Any CPU
	EndGlobalSection
	GlobalSection(SolutionProperties) = preSolution
		HideSolutionNode = FALSE
	EndGlobalSection
	GlobalSection(ExtensibilityGlobals) = postSolution
		SolutionGuid = {63580903-036B-41EA-AC1A-16DFC96BE967}
	EndGlobalSection
EndGlobal
